
Microsoft Visual Studio Solution File, Format Version 12.00
Project("{FAE04EC0-301F-11D3-BF4B-00C04F79EFBC}") = "Squares.Data", "Squares.Data\Squares.Data.csproj", "{2D20EA49-1199-4B2E-86AD-BEDA86F474B5}"
EndProject
Project("{2150E333-8FDC-42A3-9474-1A3956D46DE8}") = "Sqares", "Sqares", "{56C4F3B1-E900-492B-AA9C-22F5D61CD309}"
EndProject
Project("{FAE04EC0-301F-11D3-BF4B-00C04F79EFBC}") = "SquaresApi", "SquaresApi\SquaresApi.csproj", "{904D8A95-44BB-4BA1-8D36-B0F624F9B622}"
EndProject
Project("{FAE04EC0-301F-11D3-BF4B-00C04F79EFBC}") = "Squares.Core", "Squares.Core\Squares.Core.csproj", "{31E359F6-3A05-4ED8-B766-274EC854E511}"
EndProject
Project("{FAE04EC0-301F-11D3-BF4B-00C04F79EFBC}") = "Squares.Data.Migrations", "Squares.Data.Migrations\Squares.Data.Migrations.csproj", "{D907F397-371B-41D6-8791-FB1772494496}"
EndProject
Project("{2150E333-8FDC-42A3-9474-1A3956D46DE8}") = "Utilities", "Utilities", "{5C290298-8CF9-49C4-973B-2D31E9AD860C}"
EndProject
Project("{FAE04EC0-301F-11D3-BF4B-00C04F79EFBC}") = "Validation", "Validation\Validation.csproj", "{35A165B4-BC64-4FAA-AC8F-3006D24A97C2}"
EndProject
Project("{2150E333-8FDC-42A3-9474-1A3956D46DE8}") = "tests", "tests", "{588ECCBB-B72F-49BD-9FA9-98662316A15D}"
EndProject
Project("{FAE04EC0-301F-11D3-BF4B-00C04F79EFBC}") = "Squares.Tests", "Squares.Tests\Squares.Tests.csproj", "{6B997270-67CC-47A4-80FB-752E2B985B9A}"
EndProject
Global
	GlobalSection(SolutionConfigurationPlatforms) = preSolution
		Debug|Any CPU = Debug|Any CPU
		Release|Any CPU = Release|Any CPU
	EndGlobalSection
	GlobalSection(ProjectConfigurationPlatforms) = postSolution
		{2D20EA49-1199-4B2E-86AD-BEDA86F474B5}.Debug|Any CPU.ActiveCfg = Debug|Any CPU
		{2D20EA49-1199-4B2E-86AD-BEDA86F474B5}.Debug|Any CPU.Build.0 = Debug|Any CPU
		{2D20EA49-1199-4B2E-86AD-BEDA86F474B5}.Release|Any CPU.ActiveCfg = Release|Any CPU
		{2D20EA49-1199-4B2E-86AD-BEDA86F474B5}.Release|Any CPU.Build.0 = Release|Any CPU
		{904D8A95-44BB-4BA1-8D36-B0F624F9B622}.Debug|Any CPU.ActiveCfg = Debug|Any CPU
		{904D8A95-44BB-4BA1-8D36-B0F624F9B622}.Debug|Any CPU.Build.0 = Debug|Any CPU
		{904D8A95-44BB-4BA1-8D36-B0F624F9B622}.Release|Any CPU.ActiveCfg = Release|Any CPU
		{904D8A95-44BB-4BA1-8D36-B0F624F9B622}.Release|Any CPU.Build.0 = Release|Any CPU
		{31E359F6-3A05-4ED8-B766-274EC854E511}.Debug|Any CPU.ActiveCfg = Debug|Any CPU
		{31E359F6-3A05-4ED8-B766-274EC854E511}.Debug|Any CPU.Build.0 = Debug|Any CPU
		{31E359F6-3A05-4ED8-B766-274EC854E511}.Release|Any CPU.ActiveCfg = Release|Any CPU
		{31E359F6-3A05-4ED8-B766-274EC854E511}.Release|Any CPU.Build.0 = Release|Any CPU
		{D907F397-371B-41D6-8791-FB1772494496}.Debug|Any CPU.ActiveCfg = Debug|Any CPU
		{D907F397-371B-41D6-8791-FB1772494496}.Debug|Any CPU.Build.0 = Debug|Any CPU
		{D907F397-371B-41D6-8791-FB1772494496}.Release|Any CPU.ActiveCfg = Release|Any CPU
		{D907F397-371B-41D6-8791-FB1772494496}.Release|Any CPU.Build.0 = Release|Any CPU
		{35A165B4-BC64-4FAA-AC8F-3006D24A97C2}.Debug|Any CPU.ActiveCfg = Debug|Any CPU
		{35A165B4-BC64-4FAA-AC8F-3006D24A97C2}.Debug|Any CPU.Build.0 = Debug|Any CPU
		{35A165B4-BC64-4FAA-AC8F-3006D24A97C2}.Release|Any CPU.ActiveCfg = Release|Any CPU
		{35A165B4-BC64-4FAA-AC8F-3006D24A97C2}.Release|Any CPU.Build.0 = Release|Any CPU
		{6B997270-67CC-47A4-80FB-752E2B985B9A}.Debug|Any CPU.ActiveCfg = Debug|Any CPU
		{6B997270-67CC-47A4-80FB-752E2B985B9A}.Debug|Any CPU.Build.0 = Debug|Any CPU
		{6B997270-67CC-47A4-80FB-752E2B985B9A}.Release|Any CPU.ActiveCfg = Release|Any CPU
		{6B997270-67CC-47A4-80FB-752E2B985B9A}.Release|Any CPU.Build.0 = Release|Any CPU
	EndGlobalSection
	GlobalSection(NestedProjects) = preSolution
		{2D20EA49-1199-4B2E-86AD-BEDA86F474B5} = {56C4F3B1-E900-492B-AA9C-22F5D61CD309}
		{904D8A95-44BB-4BA1-8D36-B0F624F9B622} = {56C4F3B1-E900-492B-AA9C-22F5D61CD309}
		{31E359F6-3A05-4ED8-B766-274EC854E511} = {56C4F3B1-E900-492B-AA9C-22F5D61CD309}
		{D907F397-371B-41D6-8791-FB1772494496} = {56C4F3B1-E900-492B-AA9C-22F5D61CD309}
		{5C290298-8CF9-49C4-973B-2D31E9AD860C} = {56C4F3B1-E900-492B-AA9C-22F5D61CD309}
		{35A165B4-BC64-4FAA-AC8F-3006D24A97C2} = {5C290298-8CF9-49C4-973B-2D31E9AD860C}
		{588ECCBB-B72F-49BD-9FA9-98662316A15D} = {56C4F3B1-E900-492B-AA9C-22F5D61CD309}
		{6B997270-67CC-47A4-80FB-752E2B985B9A} = {588ECCBB-B72F-49BD-9FA9-98662316A15D}
	EndGlobalSection
EndGlobal
